Microsoft Visual Studio Solution File, Format Version 12.00
# Visual Studio Version 17
VisualStudioVersion = 17.8.34212.112
MinimumVisualStudioVersion = 16.0.0.0
Project("{9A19103F-16F7-4668-BE54-9A1E7A4F7556}") = "DiscussionForum.Server", "DiscussionForum.Server\DiscussionForum.Server.csproj", "{D2AFA40C-E1E7-4F78-839F-3328410616CC}"
EndProject
Project("{2150E333-8FDC-42A3-9474-1A3956D46DE8}") = "Solution Items", "Solution Items", "{57464573-E036-45A0-B0D2-2B66A3AAAD42}"
	ProjectSection(SolutionItems) = preProject
		Infrastructure\common.bicep = Infrastructure\common.bicep
		.github\workflows\common.yml = .github\workflows\common.yml
		.github\workflows\migrations.yml = .github\workflows\migrations.yml
		Infrastructure\webapp.bicep = Infrastructure\webapp.bicep
		.github\workflows\webapp.yml = .github\workflows\webapp.yml
	EndProjectSection
EndProject
Global
	GlobalSection(SolutionConfigurationPlatforms) = preSolution
		Debug|Any CPU = Debug|Any CPU
		Debug|x64 = Debug|x64
		Debug|x86 = Debug|x86
		Release|Any CPU = Release|Any CPU
		Release|x64 = Release|x64
		Release|x86 = Release|x86
	EndGlobalSection
	GlobalSection(ProjectConfigurationPlatforms) = postSolution
		{D2AFA40C-E1E7-4F78-839F-3328410616CC}.Debug|Any CPU.ActiveCfg = Debug|Any CPU
		{D2AFA40C-E1E7-4F78-839F-3328410616CC}.Debug|Any CPU.Build.0 = Debug|Any CPU
		{D2AFA40C-E1E7-4F78-839F-3328410616CC}.Debug|x64.ActiveCfg = Debug|Any CPU
		{D2AFA40C-E1E7-4F78-839F-3328410616CC}.Debug|x64.Build.0 = Debug|Any CPU
		{D2AFA40C-E1E7-4F78-839F-3328410616CC}.Debug|x86.ActiveCfg = Debug|Any CPU
		{D2AFA40C-E1E7-4F78-839F-3328410616CC}.Debug|x86.Build.0 = Debug|Any CPU
		{D2AFA40C-E1E7-4F78-839F-3328410616CC}.Release|Any CPU.ActiveCfg = Release|Any CPU
		{D2AFA40C-E1E7-4F78-839F-3328410616CC}.Release|Any CPU.Build.0 = Release|Any CPU
		{D2AFA40C-E1E7-4F78-839F-3328410616CC}.Release|x64.ActiveCfg = Release|Any CPU
		{D2AFA40C-E1E7-4F78-839F-3328410616CC}.Release|x64.Build.0 = Release|Any CPU
		{D2AFA40C-E1E7-4F78-839F-3328410616CC}.Release|x86.ActiveCfg = Release|Any CPU
		{D2AFA40C-E1E7-4F78-839F-3328410616CC}.Release|x86.Build.0 = Release|Any CPU
		{08D522F5-A872-4047-B50C-6586807DB2E5}.Debug|Any CPU.ActiveCfg = Debug|Any CPU
		{08D522F5-A872-4047-B50C-6586807DB2E5}.Debug|Any CPU.Build.0 = Debug|Any CPU
		{08D522F5-A872-4047-B50C-6586807DB2E5}.Debug|x64.ActiveCfg = Debug|Any CPU
		{08D522F5-A872-4047-B50C-6586807DB2E5}.Debug|x64.Build.0 = Debug|Any CPU
		{08D522F5-A872-4047-B50C-6586807DB2E5}.Debug|x86.ActiveCfg = Debug|Any CPU
		{08D522F5-A872-4047-B50C-6586807DB2E5}.Debug|x86.Build.0 = Debug|Any CPU
		{08D522F5-A872-4047-B50C-6586807DB2E5}.Release|Any CPU.ActiveCfg = Release|Any CPU
		{08D522F5-A872-4047-B50C-6586807DB2E5}.Release|Any CPU.Build.0 = Release|Any CPU
		{08D522F5-A872-4047-B50C-6586807DB2E5}.Release|x64.ActiveCfg = Release|Any CPU
		{08D522F5-A872-4047-B50C-6586807DB2E5}.Release|x64.Build.0 = Release|Any CPU
		{08D522F5-A872-4047-B50C-6586807DB2E5}.Release|x86.ActiveCfg = Release|Any CPU
		{08D522F5-A872-4047-B50C-6586807DB2E5}.Release|x86.Build.0 = Release|Any CPU
		{CA6740F6-5962-4E1A-A6FC-F76987549D31}.Debug|Any CPU.ActiveCfg = Debug|Any CPU
		{CA6740F6-5962-4E1A-A6FC-F76987549D31}.Debug|Any CPU.Build.0 = Debug|Any CPU
		{CA6740F6-5962-4E1A-A6FC-F76987549D31}.Debug|x64.ActiveCfg = Debug|Any CPU
		{CA6740F6-5962-4E1A-A6FC-F76987549D31}.Debug|x64.Build.0 = Debug|Any CPU
		{CA6740F6-5962-4E1A-A6FC-F76987549D31}.Debug|x86.ActiveCfg = Debug|Any CPU
		{CA6740F6-5962-4E1A-A6FC-F76987549D31}.Debug|x86.Build.0 = Debug|Any CPU
		{CA6740F6-5962-4E1A-A6FC-F76987549D31}.Release|Any CPU.ActiveCfg = Release|Any CPU
		{CA6740F6-5962-4E1A-A6FC-F76987549D31}.Release|Any CPU.Build.0 = Release|Any CPU
		{CA6740F6-5962-4E1A-A6FC-F76987549D31}.Release|x64.ActiveCfg = Release|Any CPU
		{CA6740F6-5962-4E1A-A6FC-F76987549D31}.Release|x64.Build.0 = Release|Any CPU
		{CA6740F6-5962-4E1A-A6FC-F76987549D31}.Release|x86.ActiveCfg = Release|Any CPU
		{CA6740F6-5962-4E1A-A6FC-F76987549D31}.Release|x86.Build.0 = Release|Any CPU
		{B1160069-2F7E-48D2-B91E-BEDF639BA37A}.Debug|Any CPU.ActiveCfg = Debug|Any CPU
		{B1160069-2F7E-48D2-B91E-BEDF639BA37A}.Debug|Any CPU.Build.0 = Debug|Any CPU
		{B1160069-2F7E-48D2-B91E-BEDF639BA37A}.Debug|x64.ActiveCfg = Debug|Any CPU
		{B1160069-2F7E-48D2-B91E-BEDF639BA37A}.Debug|x64.Build.0 = Debug|Any CPU
		{B1160069-2F7E-48D2-B91E-BEDF639BA37A}.Debug|x86.ActiveCfg = Debug|Any CPU
		{B1160069-2F7E-48D2-B91E-BEDF639BA37A}.Debug|x86.Build.0 = Debug|Any CPU
		{B1160069-2F7E-48D2-B91E-BEDF639BA37A}.Release|Any CPU.ActiveCfg = Release|Any CPU
		{B1160069-2F7E-48D2-B91E-BEDF639BA37A}.Release|Any CPU.Build.0 = Release|Any CPU
		{B1160069-2F7E-48D2-B91E-BEDF639BA37A}.Release|x64.ActiveCfg = Release|Any CPU
		{B1160069-2F7E-48D2-B91E-BEDF639BA37A}.Release|x64.Build.0 = Release|Any CPU
		{B1160069-2F7E-48D2-B91E-BEDF639BA37A}.Release|x86.ActiveCfg = Release|Any CPU
		{B1160069-2F7E-48D2-B91E-BEDF639BA37A}.Release|x86.Build.0 = Release|Any CPU
		{C1D48D27-6C16-46BB-89AA-6C0F4F1533F4}.Debug|Any CPU.ActiveCfg = Debug|Any CPU
		{C1D48D27-6C16-46BB-89AA-6C0F4F1533F4}.Debug|Any CPU.Build.0 = Debug|Any CPU
		{C1D48D27-6C16-46BB-89AA-6C0F4F1533F4}.Debug|x64.ActiveCfg = Debug|Any CPU
		{C1D48D27-6C16-46BB-89AA-6C0F4F1533F4}.Debug|x64.Build.0 = Debug|Any CPU
		{C1D48D27-6C16-46BB-89AA-6C0F4F1533F4}.Debug|x86.ActiveCfg = Debug|Any CPU
		{C1D48D27-6C16-46BB-89AA-6C0F4F1533F4}.Debug|x86.Build.0 = Debug|Any CPU
		{C1D48D27-6C16-46BB-89AA-6C0F4F1533F4}.Release|Any CPU.ActiveCfg = Release|Any CPU
		{C1D48D27-6C16-46BB-89AA-6C0F4F1533F4}.Release|Any CPU.Build.0 = Release|Any CPU
		{C1D48D27-6C16-46BB-89AA-6C0F4F1533F4}.Release|x64.ActiveCfg = Release|Any CPU
		{C1D48D27-6C16-46BB-89AA-6C0F4F1533F4}.Release|x64.Build.0 = Release|Any CPU
		{C1D48D27-6C16-46BB-89AA-6C0F4F1533F4}.Release|x86.ActiveCfg = Release|Any CPU
		{C1D48D27-6C16-46BB-89AA-6C0F4F1533F4}.Release|x86.Build.0 = Release|Any CPU
		{DD199F8B-4E00-407A-A6C3-2742C4E04937}.Debug|Any CPU.ActiveCfg = Debug|Any CPU
		{DD199F8B-4E00-407A-A6C3-2742C4E04937}.Debug|Any CPU.Build.0 = Debug|Any CPU
		{DD199F8B-4E00-407A-A6C3-2742C4E04937}.Debug|x64.ActiveCfg = Debug|Any CPU
		{DD199F8B-4E00-407A-A6C3-2742C4E04937}.Debug|x64.Build.0 = Debug|Any CPU
		{DD199F8B-4E00-407A-A6C3-2742C4E04937}.Debug|x86.ActiveCfg = Debug|Any CPU
		{DD199F8B-4E00-407A-A6C3-2742C4E04937}.Debug|x86.Build.0 = Debug|Any CPU
		{DD199F8B-4E00-407A-A6C3-2742C4E04937}.Release|Any CPU.ActiveCfg = Release|Any CPU
		{DD199F8B-4E00-407A-A6C3-2742C4E04937}.Release|Any CPU.Build.0 = Release|Any CPU
		{DD199F8B-4E00-407A-A6C3-2742C4E04937}.Release|x64.ActiveCfg = Release|Any CPU
		{DD199F8B-4E00-407A-A6C3-2742C4E04937}.Release|x64.Build.0 = Release|Any CPU
		{DD199F8B-4E00-407A-A6C3-2742C4E04937}.Release|x86.ActiveCfg = Release|Any CPU
		{DD199F8B-4E00-407A-A6C3-2742C4E04937}.Release|x86.Build.0 = Release|Any CPU
		{19A396BF-64CA-4455-8861-EC6ECDDEEAEA}.Debug|Any CPU.ActiveCfg = Debug|Any CPU
		{19A396BF-64CA-4455-8861-EC6ECDDEEAEA}.Debug|Any CPU.Build.0 = Debug|Any CPU
		{19A396BF-64CA-4455-8861-EC6ECDDEEAEA}.Debug|x64.ActiveCfg = Debug|Any CPU
		{19A396BF-64CA-4455-8861-EC6ECDDEEAEA}.Debug|x64.Build.0 = Debug|Any CPU
		{19A396BF-64CA-4455-8861-EC6ECDDEEAEA}.Debug|x86.ActiveCfg = Debug|Any CPU
		{19A396BF-64CA-4455-8861-EC6ECDDEEAEA}.Debug|x86.Build.0 = Debug|Any CPU
		{19A396BF-64CA-4455-8861-EC6ECDDEEAEA}.Release|Any CPU.ActiveCfg = Release|Any CPU
		{19A396BF-64CA-4455-8861-EC6ECDDEEAEA}.Release|Any CPU.Build.0 = Release|Any CPU
		{19A396BF-64CA-4455-8861-EC6ECDDEEAEA}.Release|x64.ActiveCfg = Release|Any CPU
		{19A396BF-64CA-4455-8861-EC6ECDDEEAEA}.Release|x64.Build.0 = Release|Any CPU
		{19A396BF-64CA-4455-8861-EC6ECDDEEAEA}.Release|x86.ActiveCfg = Release|Any CPU
		{19A396BF-64CA-4455-8861-EC6ECDDEEAEA}.Release|x86.Build.0 = Release|Any CPU
		{CD954E95-966B-419D-A96A-9173B0ED17E3}.Debug|Any CPU.ActiveCfg = Debug|Any CPU
		{CD954E95-966B-419D-A96A-9173B0ED17E3}.Debug|Any CPU.Build.0 = Debug|Any CPU
		{CD954E95-966B-419D-A96A-9173B0ED17E3}.Debug|x64.ActiveCfg = Debug|Any CPU
		{CD954E95-966B-419D-A96A-9173B0ED17E3}.Debug|x64.Build.0 = Debug|Any CPU
		{CD954E95-966B-419D-A96A-9173B0ED17E3}.Debug|x86.ActiveCfg = Debug|Any CPU
		{CD954E95-966B-419D-A96A-9173B0ED17E3}.Debug|x86.Build.0 = Debug|Any CPU
		{CD954E95-966B-419D-A96A-9173B0ED17E3}.Release|Any CPU.ActiveCfg = Release|Any CPU
		{CD954E95-966B-419D-A96A-9173B0ED17E3}.Release|Any CPU.Build.0 = Release|Any CPU
		{CD954E95-966B-419D-A96A-9173B0ED17E3}.Release|x64.ActiveCfg = Release|Any CPU
		{CD954E95-966B-419D-A96A-9173B0ED17E3}.Release|x64.Build.0 = Release|Any CPU
		{CD954E95-966B-419D-A96A-9173B0ED17E3}.Release|x86.ActiveCfg = Release|Any CPU
		{CD954E95-966B-419D-A96A-9173B0ED17E3}.Release|x86.Build.0 = Release|Any CPU
	EndGlobalSection
	GlobalSection(SolutionProperties) = preSolution
		HideSolutionNode = FALSE
	EndGlobalSection
	GlobalSection(ExtensibilityGlobals) = postSolution
		SolutionGuid = {F310A88B-CFD0-4889-BA80-8D47929AAE39}
	EndGlobalSection
EndGlobal
