Microsoft Visual Studio Solution File, Format Version 12.00
# Visual Studio Version 17
VisualStudioVersion = 17.8.34212.112
MinimumVisualStudioVersion = 16.0.0.0
Project("{9A19103F-16F7-4668-BE54-9A1E7A4F7556}") = "DiscussionForum.Server", "DiscussionForum.Server\DiscussionForum.Server.csproj", "{D2AFA40C-E1E7-4F78-839F-3328410616CC}"
EndProject
Project("{9A19103F-16F7-4668-BE54-9A1E7A4F7556}") = "DiscussionForum.Client", "DiscussionForum.Client\DiscussionForum.Client.csproj", "{08D522F5-A872-4047-B50C-6586807DB2E5}"
EndProject
Project("{9A19103F-16F7-4668-BE54-9A1E7A4F7556}") = "DataSeederApp", "DataSeederApp\DataSeederApp.csproj", "{CA6740F6-5962-4E1A-A6FC-F76987549D31}"
EndProject
Project("{9A19103F-16F7-4668-BE54-9A1E7A4F7556}") = "DiscussionForum.Core", "DiscussionForum.Core\DiscussionForum.Core.csproj", "{D41133F8-ABC5-4367-83CA-FA32B795A345}"
EndProject
Project("{9A19103F-16F7-4668-BE54-9A1E7A4F7556}") = "DiscussionForum.Shared", "DiscussionForum.Shared\DiscussionForum.Shared.csproj", "{809A2C87-1B75-451D-9F02-012C529E63F7}"
EndProject
Project("{9A19103F-16F7-4668-BE54-9A1E7A4F7556}") = "DiscussionForum.TestE2E", "DiscussionForum.TestE2E\DiscussionForum.TestE2E.csproj", "{4A478EFF-8D01-4DC6-9FD5-FA605F88D61B}"
EndProject
Project("{9A19103F-16F7-4668-BE54-9A1E7A4F7556}") = "DiscussionForum.Tests", "DiscussionForum.Tests\DiscussionForum.Tests.csproj", "{9D4A212C-4085-4678-8BAD-F1DA0F5568D3}"
EndProject
Project("{9A19103F-16F7-4668-BE54-9A1E7A4F7556}") = "RateLimitTester", "RateLimitTester\RateLimitTester.csproj", "{B1160069-2F7E-48D2-B91E-BEDF639BA37A}"
EndProject
Project("{2150E333-8FDC-42A3-9474-1A3956D46DE8}") = "Solution Items", "Solution Items", "{57464573-E036-45A0-B0D2-2B66A3AAAD42}"
	ProjectSection(SolutionItems) = preProject
		Infrastructure\commands.txt = Infrastructure\commands.txt
		Infrastructure\common.bicep = Infrastructure\common.bicep
		.github\workflows\common.yml = .github\workflows\common.yml
		.github\workflows\migrations.yml = .github\workflows\migrations.yml
		Infrastructure\webapp.bicep = Infrastructure\webapp.bicep
		.github\workflows\webapp.yml = .github\workflows\webapp.yml
	EndProjectSection
EndProject
Project("{9A19103F-16F7-4668-BE54-9A1E7A4F7556}") = "MaliciousServer", "MaliciousServer\MaliciousServer.csproj", "{B2FD2340-4F7B-4B86-8B51-A55AD882B2F6}"
EndProject
Project("{FAE04EC0-301F-11D3-BF4B-00C04F79EFBC}") = "MemoryAllocationTester", "MemoryAllocationTester\MemoryAllocationTester.csproj", "{9131DDD8-CC41-4278-A480-A1EA64F7C207}"
EndProject
Global
	GlobalSection(SolutionConfigurationPlatforms) = preSolution
		Debug|Any CPU = Debug|Any CPU
		Debug|x64 = Debug|x64
		Debug|x86 = Debug|x86
		Release|Any CPU = Release|Any CPU
		Release|x64 = Release|x64
		Release|x86 = Release|x86
	EndGlobalSection
	GlobalSection(ProjectConfigurationPlatforms) = postSolution
		{D2AFA40C-E1E7-4F78-839F-3328410616CC}.Debug|Any CPU.ActiveCfg = Debug|Any CPU
		{D2AFA40C-E1E7-4F78-839F-3328410616CC}.Debug|Any CPU.Build.0 = Debug|Any CPU
		{D2AFA40C-E1E7-4F78-839F-3328410616CC}.Debug|x64.ActiveCfg = Debug|Any CPU
		{D2AFA40C-E1E7-4F78-839F-3328410616CC}.Debug|x64.Build.0 = Debug|Any CPU
		{D2AFA40C-E1E7-4F78-839F-3328410616CC}.Debug|x86.ActiveCfg = Debug|Any CPU
		{D2AFA40C-E1E7-4F78-839F-3328410616CC}.Debug|x86.Build.0 = Debug|Any CPU
		{D2AFA40C-E1E7-4F78-839F-3328410616CC}.Release|Any CPU.ActiveCfg = Release|Any CPU
		{D2AFA40C-E1E7-4F78-839F-3328410616CC}.Release|Any CPU.Build.0 = Release|Any CPU
		{D2AFA40C-E1E7-4F78-839F-3328410616CC}.Release|x64.ActiveCfg = Release|Any CPU
		{D2AFA40C-E1E7-4F78-839F-3328410616CC}.Release|x64.Build.0 = Release|Any CPU
		{D2AFA40C-E1E7-4F78-839F-3328410616CC}.Release|x86.ActiveCfg = Release|Any CPU
		{D2AFA40C-E1E7-4F78-839F-3328410616CC}.Release|x86.Build.0 = Release|Any CPU
		{08D522F5-A872-4047-B50C-6586807DB2E5}.Debug|Any CPU.ActiveCfg = Debug|Any CPU
		{08D522F5-A872-4047-B50C-6586807DB2E5}.Debug|Any CPU.Build.0 = Debug|Any CPU
		{08D522F5-A872-4047-B50C-6586807DB2E5}.Debug|x64.ActiveCfg = Debug|Any CPU
		{08D522F5-A872-4047-B50C-6586807DB2E5}.Debug|x64.Build.0 = Debug|Any CPU
		{08D522F5-A872-4047-B50C-6586807DB2E5}.Debug|x86.ActiveCfg = Debug|Any CPU
		{08D522F5-A872-4047-B50C-6586807DB2E5}.Debug|x86.Build.0 = Debug|Any CPU
		{08D522F5-A872-4047-B50C-6586807DB2E5}.Release|Any CPU.ActiveCfg = Release|Any CPU
		{08D522F5-A872-4047-B50C-6586807DB2E5}.Release|Any CPU.Build.0 = Release|Any CPU
		{08D522F5-A872-4047-B50C-6586807DB2E5}.Release|x64.ActiveCfg = Release|Any CPU
		{08D522F5-A872-4047-B50C-6586807DB2E5}.Release|x64.Build.0 = Release|Any CPU
		{08D522F5-A872-4047-B50C-6586807DB2E5}.Release|x86.ActiveCfg = Release|Any CPU
		{08D522F5-A872-4047-B50C-6586807DB2E5}.Release|x86.Build.0 = Release|Any CPU
		{CA6740F6-5962-4E1A-A6FC-F76987549D31}.Debug|Any CPU.ActiveCfg = Debug|Any CPU
		{CA6740F6-5962-4E1A-A6FC-F76987549D31}.Debug|Any CPU.Build.0 = Debug|Any CPU
		{CA6740F6-5962-4E1A-A6FC-F76987549D31}.Debug|x64.ActiveCfg = Debug|Any CPU
		{CA6740F6-5962-4E1A-A6FC-F76987549D31}.Debug|x64.Build.0 = Debug|Any CPU
		{CA6740F6-5962-4E1A-A6FC-F76987549D31}.Debug|x86.ActiveCfg = Debug|Any CPU
		{CA6740F6-5962-4E1A-A6FC-F76987549D31}.Debug|x86.Build.0 = Debug|Any CPU
		{CA6740F6-5962-4E1A-A6FC-F76987549D31}.Release|Any CPU.ActiveCfg = Release|Any CPU
		{CA6740F6-5962-4E1A-A6FC-F76987549D31}.Release|Any CPU.Build.0 = Release|Any CPU
		{CA6740F6-5962-4E1A-A6FC-F76987549D31}.Release|x64.ActiveCfg = Release|Any CPU
		{CA6740F6-5962-4E1A-A6FC-F76987549D31}.Release|x64.Build.0 = Release|Any CPU
		{CA6740F6-5962-4E1A-A6FC-F76987549D31}.Release|x86.ActiveCfg = Release|Any CPU
		{CA6740F6-5962-4E1A-A6FC-F76987549D31}.Release|x86.Build.0 = Release|Any CPU
		{D41133F8-ABC5-4367-83CA-FA32B795A345}.Debug|Any CPU.ActiveCfg = Debug|Any CPU
		{D41133F8-ABC5-4367-83CA-FA32B795A345}.Debug|Any CPU.Build.0 = Debug|Any CPU
		{D41133F8-ABC5-4367-83CA-FA32B795A345}.Debug|x64.ActiveCfg = Debug|Any CPU
		{D41133F8-ABC5-4367-83CA-FA32B795A345}.Debug|x64.Build.0 = Debug|Any CPU
		{D41133F8-ABC5-4367-83CA-FA32B795A345}.Debug|x86.ActiveCfg = Debug|Any CPU
		{D41133F8-ABC5-4367-83CA-FA32B795A345}.Debug|x86.Build.0 = Debug|Any CPU
		{D41133F8-ABC5-4367-83CA-FA32B795A345}.Release|Any CPU.ActiveCfg = Release|Any CPU
		{D41133F8-ABC5-4367-83CA-FA32B795A345}.Release|Any CPU.Build.0 = Release|Any CPU
		{D41133F8-ABC5-4367-83CA-FA32B795A345}.Release|x64.ActiveCfg = Release|Any CPU
		{D41133F8-ABC5-4367-83CA-FA32B795A345}.Release|x64.Build.0 = Release|Any CPU
		{D41133F8-ABC5-4367-83CA-FA32B795A345}.Release|x86.ActiveCfg = Release|Any CPU
		{D41133F8-ABC5-4367-83CA-FA32B795A345}.Release|x86.Build.0 = Release|Any CPU
		{809A2C87-1B75-451D-9F02-012C529E63F7}.Debug|Any CPU.ActiveCfg = Debug|Any CPU
		{809A2C87-1B75-451D-9F02-012C529E63F7}.Debug|Any CPU.Build.0 = Debug|Any CPU
		{809A2C87-1B75-451D-9F02-012C529E63F7}.Debug|x64.ActiveCfg = Debug|Any CPU
		{809A2C87-1B75-451D-9F02-012C529E63F7}.Debug|x64.Build.0 = Debug|Any CPU
		{809A2C87-1B75-451D-9F02-012C529E63F7}.Debug|x86.ActiveCfg = Debug|Any CPU
		{809A2C87-1B75-451D-9F02-012C529E63F7}.Debug|x86.Build.0 = Debug|Any CPU
		{809A2C87-1B75-451D-9F02-012C529E63F7}.Release|Any CPU.ActiveCfg = Release|Any CPU
		{809A2C87-1B75-451D-9F02-012C529E63F7}.Release|Any CPU.Build.0 = Release|Any CPU
		{809A2C87-1B75-451D-9F02-012C529E63F7}.Release|x64.ActiveCfg = Release|Any CPU
		{809A2C87-1B75-451D-9F02-012C529E63F7}.Release|x64.Build.0 = Release|Any CPU
		{809A2C87-1B75-451D-9F02-012C529E63F7}.Release|x86.ActiveCfg = Release|Any CPU
		{809A2C87-1B75-451D-9F02-012C529E63F7}.Release|x86.Build.0 = Release|Any CPU
		{4A478EFF-8D01-4DC6-9FD5-FA605F88D61B}.Debug|Any CPU.ActiveCfg = Debug|Any CPU
		{4A478EFF-8D01-4DC6-9FD5-FA605F88D61B}.Debug|Any CPU.Build.0 = Debug|Any CPU
		{4A478EFF-8D01-4DC6-9FD5-FA605F88D61B}.Debug|x64.ActiveCfg = Debug|Any CPU
		{4A478EFF-8D01-4DC6-9FD5-FA605F88D61B}.Debug|x64.Build.0 = Debug|Any CPU
		{4A478EFF-8D01-4DC6-9FD5-FA605F88D61B}.Debug|x86.ActiveCfg = Debug|Any CPU
		{4A478EFF-8D01-4DC6-9FD5-FA605F88D61B}.Debug|x86.Build.0 = Debug|Any CPU
		{4A478EFF-8D01-4DC6-9FD5-FA605F88D61B}.Release|Any CPU.ActiveCfg = Release|Any CPU
		{4A478EFF-8D01-4DC6-9FD5-FA605F88D61B}.Release|Any CPU.Build.0 = Release|Any CPU
		{4A478EFF-8D01-4DC6-9FD5-FA605F88D61B}.Release|x64.ActiveCfg = Release|Any CPU
		{4A478EFF-8D01-4DC6-9FD5-FA605F88D61B}.Release|x64.Build.0 = Release|Any CPU
		{4A478EFF-8D01-4DC6-9FD5-FA605F88D61B}.Release|x86.ActiveCfg = Release|Any CPU
		{4A478EFF-8D01-4DC6-9FD5-FA605F88D61B}.Release|x86.Build.0 = Release|Any CPU
		{9D4A212C-4085-4678-8BAD-F1DA0F5568D3}.Debug|Any CPU.ActiveCfg = Debug|Any CPU
		{9D4A212C-4085-4678-8BAD-F1DA0F5568D3}.Debug|Any CPU.Build.0 = Debug|Any CPU
		{9D4A212C-4085-4678-8BAD-F1DA0F5568D3}.Debug|x64.ActiveCfg = Debug|Any CPU
		{9D4A212C-4085-4678-8BAD-F1DA0F5568D3}.Debug|x64.Build.0 = Debug|Any CPU
		{9D4A212C-4085-4678-8BAD-F1DA0F5568D3}.Debug|x86.ActiveCfg = Debug|Any CPU
		{9D4A212C-4085-4678-8BAD-F1DA0F5568D3}.Debug|x86.Build.0 = Debug|Any CPU
		{9D4A212C-4085-4678-8BAD-F1DA0F5568D3}.Release|Any CPU.ActiveCfg = Release|Any CPU
		{9D4A212C-4085-4678-8BAD-F1DA0F5568D3}.Release|Any CPU.Build.0 = Release|Any CPU
		{9D4A212C-4085-4678-8BAD-F1DA0F5568D3}.Release|x64.ActiveCfg = Release|Any CPU
		{9D4A212C-4085-4678-8BAD-F1DA0F5568D3}.Release|x64.Build.0 = Release|Any CPU
		{9D4A212C-4085-4678-8BAD-F1DA0F5568D3}.Release|x86.ActiveCfg = Release|Any CPU
		{9D4A212C-4085-4678-8BAD-F1DA0F5568D3}.Release|x86.Build.0 = Release|Any CPU
		{B1160069-2F7E-48D2-B91E-BEDF639BA37A}.Debug|Any CPU.ActiveCfg = Debug|Any CPU
		{B1160069-2F7E-48D2-B91E-BEDF639BA37A}.Debug|Any CPU.Build.0 = Debug|Any CPU
		{B1160069-2F7E-48D2-B91E-BEDF639BA37A}.Debug|x64.ActiveCfg = Debug|Any CPU
		{B1160069-2F7E-48D2-B91E-BEDF639BA37A}.Debug|x64.Build.0 = Debug|Any CPU
		{B1160069-2F7E-48D2-B91E-BEDF639BA37A}.Debug|x86.ActiveCfg = Debug|Any CPU
		{B1160069-2F7E-48D2-B91E-BEDF639BA37A}.Debug|x86.Build.0 = Debug|Any CPU
		{B1160069-2F7E-48D2-B91E-BEDF639BA37A}.Release|Any CPU.ActiveCfg = Release|Any CPU
		{B1160069-2F7E-48D2-B91E-BEDF639BA37A}.Release|Any CPU.Build.0 = Release|Any CPU
		{B1160069-2F7E-48D2-B91E-BEDF639BA37A}.Release|x64.ActiveCfg = Release|Any CPU
		{B1160069-2F7E-48D2-B91E-BEDF639BA37A}.Release|x64.Build.0 = Release|Any CPU
		{B1160069-2F7E-48D2-B91E-BEDF639BA37A}.Release|x86.ActiveCfg = Release|Any CPU
		{B1160069-2F7E-48D2-B91E-BEDF639BA37A}.Release|x86.Build.0 = Release|Any CPU
		{B2FD2340-4F7B-4B86-8B51-A55AD882B2F6}.Debug|Any CPU.ActiveCfg = Debug|Any CPU
		{B2FD2340-4F7B-4B86-8B51-A55AD882B2F6}.Debug|Any CPU.Build.0 = Debug|Any CPU
		{B2FD2340-4F7B-4B86-8B51-A55AD882B2F6}.Debug|x64.ActiveCfg = Debug|Any CPU
		{B2FD2340-4F7B-4B86-8B51-A55AD882B2F6}.Debug|x64.Build.0 = Debug|Any CPU
		{B2FD2340-4F7B-4B86-8B51-A55AD882B2F6}.Debug|x86.ActiveCfg = Debug|Any CPU
		{B2FD2340-4F7B-4B86-8B51-A55AD882B2F6}.Debug|x86.Build.0 = Debug|Any CPU
		{B2FD2340-4F7B-4B86-8B51-A55AD882B2F6}.Release|Any CPU.ActiveCfg = Release|Any CPU
		{B2FD2340-4F7B-4B86-8B51-A55AD882B2F6}.Release|Any CPU.Build.0 = Release|Any CPU
		{B2FD2340-4F7B-4B86-8B51-A55AD882B2F6}.Release|x64.ActiveCfg = Release|Any CPU
		{B2FD2340-4F7B-4B86-8B51-A55AD882B2F6}.Release|x64.Build.0 = Release|Any CPU
		{B2FD2340-4F7B-4B86-8B51-A55AD882B2F6}.Release|x86.ActiveCfg = Release|Any CPU
		{B2FD2340-4F7B-4B86-8B51-A55AD882B2F6}.Release|x86.Build.0 = Release|Any CPU
		{9131DDD8-CC41-4278-A480-A1EA64F7C207}.Debug|Any CPU.ActiveCfg = Debug|Any CPU
		{9131DDD8-CC41-4278-A480-A1EA64F7C207}.Debug|Any CPU.Build.0 = Debug|Any CPU
		{9131DDD8-CC41-4278-A480-A1EA64F7C207}.Debug|x64.ActiveCfg = Debug|Any CPU
		{9131DDD8-CC41-4278-A480-A1EA64F7C207}.Debug|x64.Build.0 = Debug|Any CPU
		{9131DDD8-CC41-4278-A480-A1EA64F7C207}.Debug|x86.ActiveCfg = Debug|Any CPU
		{9131DDD8-CC41-4278-A480-A1EA64F7C207}.Debug|x86.Build.0 = Debug|Any CPU
		{9131DDD8-CC41-4278-A480-A1EA64F7C207}.Release|Any CPU.ActiveCfg = Release|Any CPU
		{9131DDD8-CC41-4278-A480-A1EA64F7C207}.Release|Any CPU.Build.0 = Release|Any CPU
		{9131DDD8-CC41-4278-A480-A1EA64F7C207}.Release|x64.ActiveCfg = Release|Any CPU
		{9131DDD8-CC41-4278-A480-A1EA64F7C207}.Release|x64.Build.0 = Release|Any CPU
		{9131DDD8-CC41-4278-A480-A1EA64F7C207}.Release|x86.ActiveCfg = Release|Any CPU
		{9131DDD8-CC41-4278-A480-A1EA64F7C207}.Release|x86.Build.0 = Release|Any CPU
	EndGlobalSection
	GlobalSection(SolutionProperties) = preSolution
		HideSolutionNode = FALSE
	EndGlobalSection
	GlobalSection(ExtensibilityGlobals) = postSolution
		SolutionGuid = {F310A88B-CFD0-4889-BA80-8D47929AAE39}
	EndGlobalSection
EndGlobal
